
Microsoft Visual Studio Solution File, Format Version 11.00
# Visual Studio 2010
Project("{F184B08F-C81C-45F6-A57F-5ABD9991F28F}") = "EveHQ", "EveHQ\EveHQ.vbproj", "{366925AB-54F3-4D36-B05C-E98DBE8DA595}"
EndProject
Project("{54435603-DBB4-11D2-8724-00A0C9A8B90C}") = "EveHQSetup", "EveHQSetup\EveHQSetup.vdproj", "{83C70597-C790-4B09-8030-903C1A13B454}"
EndProject
Project("{F184B08F-C81C-45F6-A57F-5ABD9991F28F}") = "EveHQPatcher", "EveHQPatcher\EveHQPatcher.vbproj", "{49764CA5-FF2F-4FE5-95BB-C1935C636BD7}"
EndProject
Project("{F184B08F-C81C-45F6-A57F-5ABD9991F28F}") = "EveHQ.Core", "EveHQ.Core\EveHQ.Core.vbproj", "{AD4AA9C0-F258-44D8-9D71-07493198B580}"
EndProject
Project("{F184B08F-C81C-45F6-A57F-5ABD9991F28F}") = "EveHQ.ItemBrowser", "EveHQ.ItemBrowser\EveHQ.ItemBrowser.vbproj", "{F327D692-1233-4A56-A6CD-CDB50BEA6D4E}"
EndProject
Project("{F184B08F-C81C-45F6-A57F-5ABD9991F28F}") = "EveHQ.DataConverter", "EveHQ.DataConverter\EveHQ.DataConverter.vbproj", "{F9F7D146-F7EB-4E43-A736-EB250A0F16F9}"
EndProject
Project("{F184B08F-C81C-45F6-A57F-5ABD9991F28F}") = "EveHQ.HQF", "EveHQ.HQF\EveHQ.HQF.vbproj", "{59CBD1C7-EB1B-4DC9-B063-A9889F6FAE41}"
EndProject
Project("{FAE04EC0-301F-11D3-BF4B-00C04F79EFBC}") = "EveHQ.CoreControls", "EveHQ.CoreControls\EveHQ.CoreControls.csproj", "{16CDA693-2A09-4A2B-8058-EA3109246155}"
EndProject
Project("{F184B08F-C81C-45F6-A57F-5ABD9991F28F}") = "EveHQ.Prism", "EveHQ.Prism\EveHQ.Prism.vbproj", "{0BB966AE-268C-4C9B-AB50-C3F2D8201FDA}"
EndProject
Project("{F184B08F-C81C-45F6-A57F-5ABD9991F28F}") = "EveHQ.KillMailViewer", "EveHQ.KillMailViewer\EveHQ.KillMailViewer.vbproj", "{8B03AD2B-8399-4702-8915-335E5AD5D667}"
EndProject
Project("{F184B08F-C81C-45F6-A57F-5ABD9991F28F}") = "EveHQ.Void", "EveHQ.Void\EveHQ.Void.vbproj", "{CE6D55FD-2F07-4153-8C4A-D03C29B252F3}"
EndProject
Project("{F184B08F-C81C-45F6-A57F-5ABD9991F28F}") = "EveHQ.EveAPI", "EveHQ.EveAPI\EveHQ.EveAPI.vbproj", "{A936DB0B-2C9B-406C-85E4-D7AC13E605EC}"
	ProjectSection(ProjectDependencies) = postProject
		{16CDA693-2A09-4A2B-8058-EA3109246155} = {16CDA693-2A09-4A2B-8058-EA3109246155}
	EndProjectSection
EndProject
Project("{F184B08F-C81C-45F6-A57F-5ABD9991F28F}") = "EveHQ.SQLCEUpgrade", "EveHQ.SQLCEUpgrade\EveHQ.SQLCEUpgrade.vbproj", "{B7527E3F-9602-4333-8A8E-A2C469D7865D}"
EndProject
Project("{F184B08F-C81C-45F6-A57F-5ABD9991F28F}") = "EveHQ.DataUpgrader", "EveHQ.DataUpgrader\EveHQ.DataUpgrader.vbproj", "{1485CB95-9EC8-4C00-8E8C-3E706F3D1363}"
EndProject
Project("{2150E333-8FDC-42A3-9474-1A3956D46DE8}") = "Plugins", "Plugins", "{4542534A-44CB-42CA-803E-716936314F21}"
EndProject
Project("{FAE04EC0-301F-11D3-BF4B-00C04F79EFBC}") = "EveHQ.Market", "EveHQ.Market\EveHQ.Market.csproj", "{99C775D1-F465-40C6-AF18-D1803B976E3D}"
EndProject
Global
	GlobalSection(SolutionConfigurationPlatforms) = preSolution
		Debug|.NET = Debug|.NET
		Debug|Any CPU = Debug|Any CPU
		Debug|Mixed Platforms = Debug|Mixed Platforms
		Debug|Win32 = Debug|Win32
		Debug|x86 = Debug|x86
		Release|.NET = Release|.NET
		Release|Any CPU = Release|Any CPU
		Release|Mixed Platforms = Release|Mixed Platforms
		Release|Win32 = Release|Win32
		Release|x86 = Release|x86
	EndGlobalSection
	GlobalSection(ProjectConfigurationPlatforms) = postSolution
		{366925AB-54F3-4D36-B05C-E98DBE8DA595}.Debug|.NET.ActiveCfg = Debug|Any CPU
		{366925AB-54F3-4D36-B05C-E98DBE8DA595}.Debug|.NET.Build.0 = Debug|Any CPU
		{366925AB-54F3-4D36-B05C-E98DBE8DA595}.Debug|Any CPU.ActiveCfg = Debug|Any CPU
		{366925AB-54F3-4D36-B05C-E98DBE8DA595}.Debug|Any CPU.Build.0 = Debug|Any CPU
		{366925AB-54F3-4D36-B05C-E98DBE8DA595}.Debug|Mixed Platforms.ActiveCfg = Debug|Any CPU
		{366925AB-54F3-4D36-B05C-E98DBE8DA595}.Debug|Mixed Platforms.Build.0 = Debug|Any CPU
		{366925AB-54F3-4D36-B05C-E98DBE8DA595}.Debug|Win32.ActiveCfg = Debug|Any CPU
		{366925AB-54F3-4D36-B05C-E98DBE8DA595}.Debug|Win32.Build.0 = Debug|Any CPU
		{366925AB-54F3-4D36-B05C-E98DBE8DA595}.Debug|x86.ActiveCfg = Debug|Any CPU
		{366925AB-54F3-4D36-B05C-E98DBE8DA595}.Release|.NET.ActiveCfg = Release|Any CPU
		{366925AB-54F3-4D36-B05C-E98DBE8DA595}.Release|Any CPU.ActiveCfg = Release|Any CPU
		{366925AB-54F3-4D36-B05C-E98DBE8DA595}.Release|Any CPU.Build.0 = Release|Any CPU
		{366925AB-54F3-4D36-B05C-E98DBE8DA595}.Release|Mixed Platforms.ActiveCfg = Release|Any CPU
		{366925AB-54F3-4D36-B05C-E98DBE8DA595}.Release|Mixed Platforms.Build.0 = Release|Any CPU
		{366925AB-54F3-4D36-B05C-E98DBE8DA595}.Release|Win32.ActiveCfg = Release|Any CPU
		{366925AB-54F3-4D36-B05C-E98DBE8DA595}.Release|x86.ActiveCfg = Release|Any CPU
		{83C70597-C790-4B09-8030-903C1A13B454}.Debug|.NET.ActiveCfg = Debug
		{83C70597-C790-4B09-8030-903C1A13B454}.Debug|Any CPU.ActiveCfg = Debug
		{83C70597-C790-4B09-8030-903C1A13B454}.Debug|Mixed Platforms.ActiveCfg = Debug
		{83C70597-C790-4B09-8030-903C1A13B454}.Debug|Win32.ActiveCfg = Debug
		{83C70597-C790-4B09-8030-903C1A13B454}.Debug|x86.ActiveCfg = Debug
		{83C70597-C790-4B09-8030-903C1A13B454}.Debug|x86.Build.0 = Debug
		{83C70597-C790-4B09-8030-903C1A13B454}.Release|.NET.ActiveCfg = Release
		{83C70597-C790-4B09-8030-903C1A13B454}.Release|.NET.Build.0 = Release
		{83C70597-C790-4B09-8030-903C1A13B454}.Release|Any CPU.ActiveCfg = Release
		{83C70597-C790-4B09-8030-903C1A13B454}.Release|Mixed Platforms.ActiveCfg = Release
		{83C70597-C790-4B09-8030-903C1A13B454}.Release|Win32.ActiveCfg = Release
		{83C70597-C790-4B09-8030-903C1A13B454}.Release|Win32.Build.0 = Release
		{83C70597-C790-4B09-8030-903C1A13B454}.Release|x86.ActiveCfg = Release
		{83C70597-C790-4B09-8030-903C1A13B454}.Release|x86.Build.0 = Release
		{49764CA5-FF2F-4FE5-95BB-C1935C636BD7}.Debug|.NET.ActiveCfg = Debug|Any CPU
		{49764CA5-FF2F-4FE5-95BB-C1935C636BD7}.Debug|Any CPU.ActiveCfg = Debug|Any CPU
		{49764CA5-FF2F-4FE5-95BB-C1935C636BD7}.Debug|Any CPU.Build.0 = Debug|Any CPU
		{49764CA5-FF2F-4FE5-95BB-C1935C636BD7}.Debug|Mixed Platforms.ActiveCfg = Debug|Any CPU
		{49764CA5-FF2F-4FE5-95BB-C1935C636BD7}.Debug|Mixed Platforms.Build.0 = Debug|Any CPU
		{49764CA5-FF2F-4FE5-95BB-C1935C636BD7}.Debug|Win32.ActiveCfg = Debug|Any CPU
		{49764CA5-FF2F-4FE5-95BB-C1935C636BD7}.Debug|Win32.Build.0 = Debug|Any CPU
		{49764CA5-FF2F-4FE5-95BB-C1935C636BD7}.Debug|x86.ActiveCfg = Debug|Any CPU
		{49764CA5-FF2F-4FE5-95BB-C1935C636BD7}.Release|.NET.ActiveCfg = Release|Any CPU
		{49764CA5-FF2F-4FE5-95BB-C1935C636BD7}.Release|Any CPU.ActiveCfg = Release|Any CPU
		{49764CA5-FF2F-4FE5-95BB-C1935C636BD7}.Release|Any CPU.Build.0 = Release|Any CPU
		{49764CA5-FF2F-4FE5-95BB-C1935C636BD7}.Release|Mixed Platforms.ActiveCfg = Release|Any CPU
		{49764CA5-FF2F-4FE5-95BB-C1935C636BD7}.Release|Mixed Platforms.Build.0 = Release|Any CPU
		{49764CA5-FF2F-4FE5-95BB-C1935C636BD7}.Release|Win32.ActiveCfg = Release|Any CPU
		{49764CA5-FF2F-4FE5-95BB-C1935C636BD7}.Release|x86.ActiveCfg = Release|Any CPU
		{AD4AA9C0-F258-44D8-9D71-07493198B580}.Debug|.NET.ActiveCfg = Debug|Any CPU
		{AD4AA9C0-F258-44D8-9D71-07493198B580}.Debug|.NET.Build.0 = Debug|Any CPU
		{AD4AA9C0-F258-44D8-9D71-07493198B580}.Debug|Any CPU.ActiveCfg = Debug|Any CPU
		{AD4AA9C0-F258-44D8-9D71-07493198B580}.Debug|Any CPU.Build.0 = Debug|Any CPU
		{AD4AA9C0-F258-44D8-9D71-07493198B580}.Debug|Mixed Platforms.ActiveCfg = Debug|Any CPU
		{AD4AA9C0-F258-44D8-9D71-07493198B580}.Debug|Mixed Platforms.Build.0 = Debug|Any CPU
		{AD4AA9C0-F258-44D8-9D71-07493198B580}.Debug|Win32.ActiveCfg = Debug|Any CPU
		{AD4AA9C0-F258-44D8-9D71-07493198B580}.Debug|Win32.Build.0 = Debug|Any CPU
		{AD4AA9C0-F258-44D8-9D71-07493198B580}.Debug|x86.ActiveCfg = Debug|Any CPU
		{AD4AA9C0-F258-44D8-9D71-07493198B580}.Release|.NET.ActiveCfg = Release|Any CPU
		{AD4AA9C0-F258-44D8-9D71-07493198B580}.Release|Any CPU.ActiveCfg = Release|Any CPU
		{AD4AA9C0-F258-44D8-9D71-07493198B580}.Release|Any CPU.Build.0 = Release|Any CPU
		{AD4AA9C0-F258-44D8-9D71-07493198B580}.Release|Mixed Platforms.ActiveCfg = Release|Any CPU
		{AD4AA9C0-F258-44D8-9D71-07493198B580}.Release|Mixed Platforms.Build.0 = Release|Any CPU
		{AD4AA9C0-F258-44D8-9D71-07493198B580}.Release|Win32.ActiveCfg = Release|Any CPU
		{AD4AA9C0-F258-44D8-9D71-07493198B580}.Release|x86.ActiveCfg = Release|Any CPU
		{F327D692-1233-4A56-A6CD-CDB50BEA6D4E}.Debug|.NET.ActiveCfg = Debug|Any CPU
		{F327D692-1233-4A56-A6CD-CDB50BEA6D4E}.Debug|.NET.Build.0 = Debug|Any CPU
		{F327D692-1233-4A56-A6CD-CDB50BEA6D4E}.Debug|Any CPU.ActiveCfg = Debug|Any CPU
		{F327D692-1233-4A56-A6CD-CDB50BEA6D4E}.Debug|Any CPU.Build.0 = Debug|Any CPU
		{F327D692-1233-4A56-A6CD-CDB50BEA6D4E}.Debug|Mixed Platforms.ActiveCfg = Debug|Any CPU
		{F327D692-1233-4A56-A6CD-CDB50BEA6D4E}.Debug|Mixed Platforms.Build.0 = Debug|Any CPU
		{F327D692-1233-4A56-A6CD-CDB50BEA6D4E}.Debug|Win32.ActiveCfg = Debug|Any CPU
		{F327D692-1233-4A56-A6CD-CDB50BEA6D4E}.Debug|Win32.Build.0 = Debug|Any CPU
		{F327D692-1233-4A56-A6CD-CDB50BEA6D4E}.Debug|x86.ActiveCfg = Debug|Any CPU
		{F327D692-1233-4A56-A6CD-CDB50BEA6D4E}.Release|.NET.ActiveCfg = Release|Any CPU
		{F327D692-1233-4A56-A6CD-CDB50BEA6D4E}.Release|Any CPU.ActiveCfg = Release|Any CPU
		{F327D692-1233-4A56-A6CD-CDB50BEA6D4E}.Release|Any CPU.Build.0 = Release|Any CPU
		{F327D692-1233-4A56-A6CD-CDB50BEA6D4E}.Release|Mixed Platforms.ActiveCfg = Release|Any CPU
		{F327D692-1233-4A56-A6CD-CDB50BEA6D4E}.Release|Mixed Platforms.Build.0 = Release|Any CPU
		{F327D692-1233-4A56-A6CD-CDB50BEA6D4E}.Release|Win32.ActiveCfg = Release|Any CPU
		{F327D692-1233-4A56-A6CD-CDB50BEA6D4E}.Release|x86.ActiveCfg = Release|Any CPU
		{F9F7D146-F7EB-4E43-A736-EB250A0F16F9}.Debug|.NET.ActiveCfg = Debug|Any CPU
		{F9F7D146-F7EB-4E43-A736-EB250A0F16F9}.Debug|.NET.Build.0 = Debug|Any CPU
		{F9F7D146-F7EB-4E43-A736-EB250A0F16F9}.Debug|Any CPU.ActiveCfg = Debug|Any CPU
		{F9F7D146-F7EB-4E43-A736-EB250A0F16F9}.Debug|Any CPU.Build.0 = Debug|Any CPU
		{F9F7D146-F7EB-4E43-A736-EB250A0F16F9}.Debug|Mixed Platforms.ActiveCfg = Debug|Any CPU
		{F9F7D146-F7EB-4E43-A736-EB250A0F16F9}.Debug|Mixed Platforms.Build.0 = Debug|Any CPU
		{F9F7D146-F7EB-4E43-A736-EB250A0F16F9}.Debug|Win32.ActiveCfg = Debug|Any CPU
		{F9F7D146-F7EB-4E43-A736-EB250A0F16F9}.Debug|Win32.Build.0 = Debug|Any CPU
		{F9F7D146-F7EB-4E43-A736-EB250A0F16F9}.Debug|x86.ActiveCfg = Debug|Any CPU
		{F9F7D146-F7EB-4E43-A736-EB250A0F16F9}.Release|.NET.ActiveCfg = Release|Any CPU
		{F9F7D146-F7EB-4E43-A736-EB250A0F16F9}.Release|Any CPU.ActiveCfg = Release|Any CPU
		{F9F7D146-F7EB-4E43-A736-EB250A0F16F9}.Release|Any CPU.Build.0 = Release|Any CPU
		{F9F7D146-F7EB-4E43-A736-EB250A0F16F9}.Release|Mixed Platforms.ActiveCfg = Release|Any CPU
		{F9F7D146-F7EB-4E43-A736-EB250A0F16F9}.Release|Mixed Platforms.Build.0 = Release|Any CPU
		{F9F7D146-F7EB-4E43-A736-EB250A0F16F9}.Release|Win32.ActiveCfg = Release|Any CPU
		{F9F7D146-F7EB-4E43-A736-EB250A0F16F9}.Release|x86.ActiveCfg = Release|Any CPU
		{59CBD1C7-EB1B-4DC9-B063-A9889F6FAE41}.Debug|.NET.ActiveCfg = Debug|Any CPU
		{59CBD1C7-EB1B-4DC9-B063-A9889F6FAE41}.Debug|.NET.Build.0 = Debug|Any CPU
		{59CBD1C7-EB1B-4DC9-B063-A9889F6FAE41}.Debug|Any CPU.ActiveCfg = Debug|Any CPU
		{59CBD1C7-EB1B-4DC9-B063-A9889F6FAE41}.Debug|Any CPU.Build.0 = Debug|Any CPU
		{59CBD1C7-EB1B-4DC9-B063-A9889F6FAE41}.Debug|Mixed Platforms.ActiveCfg = Debug|Any CPU
		{59CBD1C7-EB1B-4DC9-B063-A9889F6FAE41}.Debug|Mixed Platforms.Build.0 = Debug|Any CPU
		{59CBD1C7-EB1B-4DC9-B063-A9889F6FAE41}.Debug|Win32.ActiveCfg = Debug|Any CPU
		{59CBD1C7-EB1B-4DC9-B063-A9889F6FAE41}.Debug|Win32.Build.0 = Debug|Any CPU
		{59CBD1C7-EB1B-4DC9-B063-A9889F6FAE41}.Debug|x86.ActiveCfg = Debug|Any CPU
		{59CBD1C7-EB1B-4DC9-B063-A9889F6FAE41}.Release|.NET.ActiveCfg = Release|Any CPU
		{59CBD1C7-EB1B-4DC9-B063-A9889F6FAE41}.Release|Any CPU.ActiveCfg = Release|Any CPU
		{59CBD1C7-EB1B-4DC9-B063-A9889F6FAE41}.Release|Any CPU.Build.0 = Release|Any CPU
		{59CBD1C7-EB1B-4DC9-B063-A9889F6FAE41}.Release|Mixed Platforms.ActiveCfg = Release|Any CPU
		{59CBD1C7-EB1B-4DC9-B063-A9889F6FAE41}.Release|Mixed Platforms.Build.0 = Release|Any CPU
		{59CBD1C7-EB1B-4DC9-B063-A9889F6FAE41}.Release|Win32.ActiveCfg = Release|Any CPU
		{59CBD1C7-EB1B-4DC9-B063-A9889F6FAE41}.Release|x86.ActiveCfg = Release|Any CPU
		{16CDA693-2A09-4A2B-8058-EA3109246155}.Debug|.NET.ActiveCfg = Debug|Any CPU
		{16CDA693-2A09-4A2B-8058-EA3109246155}.Debug|.NET.Build.0 = Debug|Any CPU
		{16CDA693-2A09-4A2B-8058-EA3109246155}.Debug|Any CPU.ActiveCfg = Debug|Any CPU
		{16CDA693-2A09-4A2B-8058-EA3109246155}.Debug|Any CPU.Build.0 = Debug|Any CPU
		{16CDA693-2A09-4A2B-8058-EA3109246155}.Debug|Mixed Platforms.ActiveCfg = Debug|Any CPU
		{16CDA693-2A09-4A2B-8058-EA3109246155}.Debug|Mixed Platforms.Build.0 = Debug|Any CPU
		{16CDA693-2A09-4A2B-8058-EA3109246155}.Debug|Win32.ActiveCfg = Debug|Any CPU
		{16CDA693-2A09-4A2B-8058-EA3109246155}.Debug|Win32.Build.0 = Debug|Any CPU
		{16CDA693-2A09-4A2B-8058-EA3109246155}.Debug|x86.ActiveCfg = Debug|Any CPU
		{16CDA693-2A09-4A2B-8058-EA3109246155}.Release|.NET.ActiveCfg = Release|Any CPU
		{16CDA693-2A09-4A2B-8058-EA3109246155}.Release|Any CPU.ActiveCfg = Release|Any CPU
		{16CDA693-2A09-4A2B-8058-EA3109246155}.Release|Any CPU.Build.0 = Release|Any CPU
		{16CDA693-2A09-4A2B-8058-EA3109246155}.Release|Mixed Platforms.ActiveCfg = Release|Any CPU
		{16CDA693-2A09-4A2B-8058-EA3109246155}.Release|Mixed Platforms.Build.0 = Release|Any CPU
		{16CDA693-2A09-4A2B-8058-EA3109246155}.Release|Win32.ActiveCfg = Release|Any CPU
		{16CDA693-2A09-4A2B-8058-EA3109246155}.Release|x86.ActiveCfg = Release|Any CPU
		{0BB966AE-268C-4C9B-AB50-C3F2D8201FDA}.Debug|.NET.ActiveCfg = Debug|Any CPU
		{0BB966AE-268C-4C9B-AB50-C3F2D8201FDA}.Debug|.NET.Build.0 = Debug|Any CPU
		{0BB966AE-268C-4C9B-AB50-C3F2D8201FDA}.Debug|Any CPU.ActiveCfg = Debug|Any CPU
		{0BB966AE-268C-4C9B-AB50-C3F2D8201FDA}.Debug|Any CPU.Build.0 = Debug|Any CPU
		{0BB966AE-268C-4C9B-AB50-C3F2D8201FDA}.Debug|Mixed Platforms.ActiveCfg = Debug|Any CPU
		{0BB966AE-268C-4C9B-AB50-C3F2D8201FDA}.Debug|Mixed Platforms.Build.0 = Debug|Any CPU
		{0BB966AE-268C-4C9B-AB50-C3F2D8201FDA}.Debug|Win32.ActiveCfg = Debug|Any CPU
		{0BB966AE-268C-4C9B-AB50-C3F2D8201FDA}.Debug|x86.ActiveCfg = Debug|Any CPU
		{0BB966AE-268C-4C9B-AB50-C3F2D8201FDA}.Release|.NET.ActiveCfg = Release|Any CPU
		{0BB966AE-268C-4C9B-AB50-C3F2D8201FDA}.Release|Any CPU.ActiveCfg = Release|Any CPU
		{0BB966AE-268C-4C9B-AB50-C3F2D8201FDA}.Release|Any CPU.Build.0 = Release|Any CPU
		{0BB966AE-268C-4C9B-AB50-C3F2D8201FDA}.Release|Mixed Platforms.ActiveCfg = Release|Any CPU
		{0BB966AE-268C-4C9B-AB50-C3F2D8201FDA}.Release|Mixed Platforms.Build.0 = Release|Any CPU
		{0BB966AE-268C-4C9B-AB50-C3F2D8201FDA}.Release|Win32.ActiveCfg = Release|Any CPU
		{0BB966AE-268C-4C9B-AB50-C3F2D8201FDA}.Release|x86.ActiveCfg = Release|Any CPU
		{8B03AD2B-8399-4702-8915-335E5AD5D667}.Debug|.NET.ActiveCfg = Debug|Any CPU
		{8B03AD2B-8399-4702-8915-335E5AD5D667}.Debug|Any CPU.ActiveCfg = Debug|Any CPU
		{8B03AD2B-8399-4702-8915-335E5AD5D667}.Debug|Any CPU.Build.0 = Debug|Any CPU
		{8B03AD2B-8399-4702-8915-335E5AD5D667}.Debug|Mixed Platforms.ActiveCfg = Debug|Any CPU
		{8B03AD2B-8399-4702-8915-335E5AD5D667}.Debug|Mixed Platforms.Build.0 = Debug|Any CPU
		{8B03AD2B-8399-4702-8915-335E5AD5D667}.Debug|Win32.ActiveCfg = Debug|Any CPU
		{8B03AD2B-8399-4702-8915-335E5AD5D667}.Debug|x86.ActiveCfg = Debug|Any CPU
		{8B03AD2B-8399-4702-8915-335E5AD5D667}.Release|.NET.ActiveCfg = Release|Any CPU
		{8B03AD2B-8399-4702-8915-335E5AD5D667}.Release|Any CPU.ActiveCfg = Release|Any CPU
		{8B03AD2B-8399-4702-8915-335E5AD5D667}.Release|Any CPU.Build.0 = Release|Any CPU
		{8B03AD2B-8399-4702-8915-335E5AD5D667}.Release|Mixed Platforms.ActiveCfg = Release|Any CPU
		{8B03AD2B-8399-4702-8915-335E5AD5D667}.Release|Mixed Platforms.Build.0 = Release|Any CPU
		{8B03AD2B-8399-4702-8915-335E5AD5D667}.Release|Win32.ActiveCfg = Release|Any CPU
		{8B03AD2B-8399-4702-8915-335E5AD5D667}.Release|x86.ActiveCfg = Release|Any CPU
		{CE6D55FD-2F07-4153-8C4A-D03C29B252F3}.Debug|.NET.ActiveCfg = Debug|Any CPU
		{CE6D55FD-2F07-4153-8C4A-D03C29B252F3}.Debug|Any CPU.ActiveCfg = Debug|Any CPU
		{CE6D55FD-2F07-4153-8C4A-D03C29B252F3}.Debug|Any CPU.Build.0 = Debug|Any CPU
		{CE6D55FD-2F07-4153-8C4A-D03C29B252F3}.Debug|Mixed Platforms.ActiveCfg = Debug|Any CPU
		{CE6D55FD-2F07-4153-8C4A-D03C29B252F3}.Debug|Mixed Platforms.Build.0 = Debug|Any CPU
		{CE6D55FD-2F07-4153-8C4A-D03C29B252F3}.Debug|Win32.ActiveCfg = Debug|Any CPU
		{CE6D55FD-2F07-4153-8C4A-D03C29B252F3}.Debug|x86.ActiveCfg = Debug|Any CPU
		{CE6D55FD-2F07-4153-8C4A-D03C29B252F3}.Release|.NET.ActiveCfg = Release|Any CPU
		{CE6D55FD-2F07-4153-8C4A-D03C29B252F3}.Release|Any CPU.ActiveCfg = Release|Any CPU
		{CE6D55FD-2F07-4153-8C4A-D03C29B252F3}.Release|Any CPU.Build.0 = Release|Any CPU
		{CE6D55FD-2F07-4153-8C4A-D03C29B252F3}.Release|Mixed Platforms.ActiveCfg = Release|Any CPU
		{CE6D55FD-2F07-4153-8C4A-D03C29B252F3}.Release|Mixed Platforms.Build.0 = Release|Any CPU
		{CE6D55FD-2F07-4153-8C4A-D03C29B252F3}.Release|Win32.ActiveCfg = Release|Any CPU
		{CE6D55FD-2F07-4153-8C4A-D03C29B252F3}.Release|x86.ActiveCfg = Release|Any CPU
		{A936DB0B-2C9B-406C-85E4-D7AC13E605EC}.Debug|.NET.ActiveCfg = Debug|Any CPU
		{A936DB0B-2C9B-406C-85E4-D7AC13E605EC}.Debug|Any CPU.ActiveCfg = Debug|Any CPU
		{A936DB0B-2C9B-406C-85E4-D7AC13E605EC}.Debug|Any CPU.Build.0 = Debug|Any CPU
		{A936DB0B-2C9B-406C-85E4-D7AC13E605EC}.Debug|Mixed Platforms.ActiveCfg = Debug|Any CPU
		{A936DB0B-2C9B-406C-85E4-D7AC13E605EC}.Debug|Mixed Platforms.Build.0 = Debug|Any CPU
		{A936DB0B-2C9B-406C-85E4-D7AC13E605EC}.Debug|Win32.ActiveCfg = Debug|Any CPU
		{A936DB0B-2C9B-406C-85E4-D7AC13E605EC}.Debug|x86.ActiveCfg = Debug|Any CPU
		{A936DB0B-2C9B-406C-85E4-D7AC13E605EC}.Release|.NET.ActiveCfg = Release|Any CPU
		{A936DB0B-2C9B-406C-85E4-D7AC13E605EC}.Release|Any CPU.ActiveCfg = Release|Any CPU
		{A936DB0B-2C9B-406C-85E4-D7AC13E605EC}.Release|Any CPU.Build.0 = Release|Any CPU
		{A936DB0B-2C9B-406C-85E4-D7AC13E605EC}.Release|Mixed Platforms.ActiveCfg = Release|Any CPU
		{A936DB0B-2C9B-406C-85E4-D7AC13E605EC}.Release|Mixed Platforms.Build.0 = Release|Any CPU
		{A936DB0B-2C9B-406C-85E4-D7AC13E605EC}.Release|Win32.ActiveCfg = Release|Any CPU
		{A936DB0B-2C9B-406C-85E4-D7AC13E605EC}.Release|x86.ActiveCfg = Release|Any CPU
		{B7527E3F-9602-4333-8A8E-A2C469D7865D}.Debug|.NET.ActiveCfg = Debug|Any CPU
		{B7527E3F-9602-4333-8A8E-A2C469D7865D}.Debug|Any CPU.ActiveCfg = Debug|Any CPU
		{B7527E3F-9602-4333-8A8E-A2C469D7865D}.Debug|Any CPU.Build.0 = Debug|Any CPU
		{B7527E3F-9602-4333-8A8E-A2C469D7865D}.Debug|Mixed Platforms.ActiveCfg = Debug|Any CPU
		{B7527E3F-9602-4333-8A8E-A2C469D7865D}.Debug|Win32.ActiveCfg = Debug|Any CPU
		{B7527E3F-9602-4333-8A8E-A2C469D7865D}.Debug|x86.ActiveCfg = Debug|Any CPU
		{B7527E3F-9602-4333-8A8E-A2C469D7865D}.Release|.NET.ActiveCfg = Release|Any CPU
		{B7527E3F-9602-4333-8A8E-A2C469D7865D}.Release|Any CPU.ActiveCfg = Release|Any CPU
		{B7527E3F-9602-4333-8A8E-A2C469D7865D}.Release|Any CPU.Build.0 = Release|Any CPU
		{B7527E3F-9602-4333-8A8E-A2C469D7865D}.Release|Mixed Platforms.ActiveCfg = Release|Any CPU
		{B7527E3F-9602-4333-8A8E-A2C469D7865D}.Release|Win32.ActiveCfg = Release|Any CPU
		{B7527E3F-9602-4333-8A8E-A2C469D7865D}.Release|x86.ActiveCfg = Release|Any CPU
		{1485CB95-9EC8-4C00-8E8C-3E706F3D1363}.Debug|.NET.ActiveCfg = Debug|Any CPU
		{1485CB95-9EC8-4C00-8E8C-3E706F3D1363}.Debug|Any CPU.ActiveCfg = Debug|Any CPU
		{1485CB95-9EC8-4C00-8E8C-3E706F3D1363}.Debug|Any CPU.Build.0 = Debug|Any CPU
		{1485CB95-9EC8-4C00-8E8C-3E706F3D1363}.Debug|Mixed Platforms.ActiveCfg = Debug|Any CPU
		{1485CB95-9EC8-4C00-8E8C-3E706F3D1363}.Debug|Mixed Platforms.Build.0 = Debug|Any CPU
		{1485CB95-9EC8-4C00-8E8C-3E706F3D1363}.Debug|Win32.ActiveCfg = Debug|Any CPU
		{1485CB95-9EC8-4C00-8E8C-3E706F3D1363}.Debug|x86.ActiveCfg = Debug|Any CPU
		{1485CB95-9EC8-4C00-8E8C-3E706F3D1363}.Release|.NET.ActiveCfg = Release|Any CPU
		{1485CB95-9EC8-4C00-8E8C-3E706F3D1363}.Release|Any CPU.ActiveCfg = Release|Any CPU
		{1485CB95-9EC8-4C00-8E8C-3E706F3D1363}.Release|Any CPU.Build.0 = Release|Any CPU
		{1485CB95-9EC8-4C00-8E8C-3E706F3D1363}.Release|Mixed Platforms.ActiveCfg = Release|Any CPU
		{1485CB95-9EC8-4C00-8E8C-3E706F3D1363}.Release|Mixed Platforms.Build.0 = Release|Any CPU
		{1485CB95-9EC8-4C00-8E8C-3E706F3D1363}.Release|Win32.ActiveCfg = Release|Any CPU
		{1485CB95-9EC8-4C00-8E8C-3E706F3D1363}.Release|x86.ActiveCfg = Release|Any CPU
		{99C775D1-F465-40C6-AF18-D1803B976E3D}.Debug|.NET.ActiveCfg = Debug|Any CPU
		{99C775D1-F465-40C6-AF18-D1803B976E3D}.Debug|Any CPU.ActiveCfg = Debug|Any CPU
		{99C775D1-F465-40C6-AF18-D1803B976E3D}.Debug|Any CPU.Build.0 = Debug|Any CPU
		{99C775D1-F465-40C6-AF18-D1803B976E3D}.Debug|Mixed Platforms.ActiveCfg = Debug|Any CPU
		{99C775D1-F465-40C6-AF18-D1803B976E3D}.Debug|Mixed Platforms.Build.0 = Debug|Any CPU
		{99C775D1-F465-40C6-AF18-D1803B976E3D}.Debug|Win32.ActiveCfg = Debug|Any CPU
		{99C775D1-F465-40C6-AF18-D1803B976E3D}.Debug|x86.ActiveCfg = Debug|Any CPU
		{99C775D1-F465-40C6-AF18-D1803B976E3D}.Release|.NET.ActiveCfg = Release|Any CPU
		{99C775D1-F465-40C6-AF18-D1803B976E3D}.Release|Any CPU.ActiveCfg = Release|Any CPU
		{99C775D1-F465-40C6-AF18-D1803B976E3D}.Release|Any CPU.Build.0 = Release|Any CPU
		{99C775D1-F465-40C6-AF18-D1803B976E3D}.Release|Mixed Platforms.ActiveCfg = Release|Any CPU
		{99C775D1-F465-40C6-AF18-D1803B976E3D}.Release|Mixed Platforms.Build.0 = Release|Any CPU
		{99C775D1-F465-40C6-AF18-D1803B976E3D}.Release|Win32.ActiveCfg = Release|Any CPU
		{99C775D1-F465-40C6-AF18-D1803B976E3D}.Release|x86.ActiveCfg = Release|Any CPU
	EndGlobalSection
	GlobalSection(SolutionProperties) = preSolution
		HideSolutionNode = FALSE
	EndGlobalSection
	GlobalSection(NestedProjects) = preSolution
		{F9F7D146-F7EB-4E43-A736-EB250A0F16F9} = {4542534A-44CB-42CA-803E-716936314F21}
		{59CBD1C7-EB1B-4DC9-B063-A9889F6FAE41} = {4542534A-44CB-42CA-803E-716936314F21}
		{0BB966AE-268C-4C9B-AB50-C3F2D8201FDA} = {4542534A-44CB-42CA-803E-716936314F21}
		{8B03AD2B-8399-4702-8915-335E5AD5D667} = {4542534A-44CB-42CA-803E-716936314F21}
		{CE6D55FD-2F07-4153-8C4A-D03C29B252F3} = {4542534A-44CB-42CA-803E-716936314F21}
		{F327D692-1233-4A56-A6CD-CDB50BEA6D4E} = {4542534A-44CB-42CA-803E-716936314F21}
	EndGlobalSection
EndGlobal
